// !$*UTF8*$!
{
	archiveVersion = 1;
	classes = {
	};
	objectVersion = 50;
	objects = {

/* Begin PBXBuildFile section */
		05005C7622D07DD5004E5351 /* AppDelegate.swift in Sources */ = {isa = PBXBuildFile; fileRef = 05005C7522D07DD5004E5351 /* AppDelegate.swift */; };
		05005C7822D07DD5004E5351 /* MapViewController.swift in Sources */ = {isa = PBXBuildFile; fileRef = 05005C7722D07DD5004E5351 /* MapViewController.swift */; };
		05005C7B22D07DD5004E5351 /* Main.storyboard in Resources */ = {isa = PBXBuildFile; fileRef = 05005C7922D07DD5004E5351 /* Main.storyboard */; };
		05005C7E22D07DD5004E5351 /* NearBy.xcdatamodeld in Sources */ = {isa = PBXBuildFile; fileRef = 05005C7C22D07DD5004E5351 /* NearBy.xcdatamodeld */; };
		05005C8022D07DD6004E5351 /* Assets.xcassets in Resources */ = {isa = PBXBuildFile; fileRef = 05005C7F22D07DD6004E5351 /* Assets.xcassets */; };
		05005C8322D07DD6004E5351 /* LaunchScreen.storyboard in Resources */ = {isa = PBXBuildFile; fileRef = 05005C8122D07DD6004E5351 /* LaunchScreen.storyboard */; };
		05005C8E22D07DD6004E5351 /* NearByTests.swift in Sources */ = {isa = PBXBuildFile; fileRef = 05005C8D22D07DD6004E5351 /* NearByTests.swift */; };
		05005C9922D07DD6004E5351 /* NearByUITests.swift in Sources */ = {isa = PBXBuildFile; fileRef = 05005C9822D07DD6004E5351 /* NearByUITests.swift */; };
		05005CAF22D08339004E5351 /* PermissionGrantViewController.swift in Sources */ = {isa = PBXBuildFile; fileRef = 05005CAE22D08339004E5351 /* PermissionGrantViewController.swift */; };
		05005CB222D083E9004E5351 /* UIButton+Styling.swift in Sources */ = {isa = PBXBuildFile; fileRef = 05005CB122D083E9004E5351 /* UIButton+Styling.swift */; };
		05005CB422D0862B004E5351 /* Permission.swift in Sources */ = {isa = PBXBuildFile; fileRef = 05005CB322D0862B004E5351 /* Permission.swift */; };
		05005CB822D09445004E5351 /* PermissionGrantViewModel.swift in Sources */ = {isa = PBXBuildFile; fileRef = 05005CB722D09445004E5351 /* PermissionGrantViewModel.swift */; };
		05005CBA22D095FC004E5351 /* Global.swift in Sources */ = {isa = PBXBuildFile; fileRef = 05005CB922D095FC004E5351 /* Global.swift */; };
		05005CBC22D098D0004E5351 /* UIColor+CustomColors.swift in Sources */ = {isa = PBXBuildFile; fileRef = 05005CBB22D098D0004E5351 /* UIColor+CustomColors.swift */; };
		05005CC322D09EA7004E5351 /* Utility.swift in Sources */ = {isa = PBXBuildFile; fileRef = 05005CC222D09EA7004E5351 /* Utility.swift */; };
		05005CC622D0A942004E5351 /* ViewModel.swift in Sources */ = {isa = PBXBuildFile; fileRef = 05005CC522D0A942004E5351 /* ViewModel.swift */; };
		05005CCB22D0B108004E5351 /* LocationManager.swift in Sources */ = {isa = PBXBuildFile; fileRef = 05005CCA22D0B108004E5351 /* LocationManager.swift */; };
		05005CCD22D0C088004E5351 /* PermissionGrantRouter.swift in Sources */ = {isa = PBXBuildFile; fileRef = 05005CCC22D0C088004E5351 /* PermissionGrantRouter.swift */; };
		05005CD022D0C0FE004E5351 /* PermissionManager.swift in Sources */ = {isa = PBXBuildFile; fileRef = 05005CCF22D0C0FE004E5351 /* PermissionManager.swift */; };
		05005CD222D0DB56004E5351 /* PermissionState.swift in Sources */ = {isa = PBXBuildFile; fileRef = 05005CD122D0DB56004E5351 /* PermissionState.swift */; };
		05005CD522D0E5A3004E5351 /* InfoView.swift in Sources */ = {isa = PBXBuildFile; fileRef = 05005CD422D0E5A3004E5351 /* InfoView.swift */; };
		05005CD722D0F414004E5351 /* ViewController.swift in Sources */ = {isa = PBXBuildFile; fileRef = 05005CD622D0F414004E5351 /* ViewController.swift */; };
		05005CD922D0F44E004E5351 /* LocationAwareViewController.swift in Sources */ = {isa = PBXBuildFile; fileRef = 05005CD822D0F44E004E5351 /* LocationAwareViewController.swift */; };
		05005CDD22D0F5E2004E5351 /* Dictionary+LocationConvertion.swift in Sources */ = {isa = PBXBuildFile; fileRef = 05005CDC22D0F5E2004E5351 /* Dictionary+LocationConvertion.swift */; };
		0518961722D244F900530200 /* NetworkManager.swift in Sources */ = {isa = PBXBuildFile; fileRef = 0518961622D244F900530200 /* NetworkManager.swift */; };
		0518961A22D2454B00530200 /* Request.swift in Sources */ = {isa = PBXBuildFile; fileRef = 0518961922D2454B00530200 /* Request.swift */; };
		0518961C22D2455900530200 /* Response.swift in Sources */ = {isa = PBXBuildFile; fileRef = 0518961B22D2455900530200 /* Response.swift */; };
		0518962022D24A6700530200 /* NetworkResult.swift in Sources */ = {isa = PBXBuildFile; fileRef = 0518961F22D24A6700530200 /* NetworkResult.swift */; };
		0518962222D24AC300530200 /* NetworkError.swift in Sources */ = {isa = PBXBuildFile; fileRef = 0518962122D24AC300530200 /* NetworkError.swift */; };
		0518962622D2500D00530200 /* ExploreRequest.swift in Sources */ = {isa = PBXBuildFile; fileRef = 0518962522D2500D00530200 /* ExploreRequest.swift */; };
		0518962822D256AF00530200 /* ExploreResponse.swift in Sources */ = {isa = PBXBuildFile; fileRef = 0518962722D256AF00530200 /* ExploreResponse.swift */; };
		0518962D22D25F5600530200 /* HereAPI.swift in Sources */ = {isa = PBXBuildFile; fileRef = 0518962C22D25F5600530200 /* HereAPI.swift */; };
		0518962F22D261F500530200 /* Dictionary+NetworkParameters.swift in Sources */ = {isa = PBXBuildFile; fileRef = 0518962E22D261F500530200 /* Dictionary+NetworkParameters.swift */; };
/* End PBXBuildFile section */

/* Begin PBXContainerItemProxy section */
		05005C8A22D07DD6004E5351 /* PBXContainerItemProxy */ = {
			isa = PBXContainerItemProxy;
			containerPortal = 05005C6A22D07DD5004E5351 /* Project object */;
			proxyType = 1;
			remoteGlobalIDString = 05005C7122D07DD5004E5351;
			remoteInfo = NearBy;
		};
		05005C9522D07DD6004E5351 /* PBXContainerItemProxy */ = {
			isa = PBXContainerItemProxy;
			containerPortal = 05005C6A22D07DD5004E5351 /* Project object */;
			proxyType = 1;
			remoteGlobalIDString = 05005C7122D07DD5004E5351;
			remoteInfo = NearBy;
		};
/* End PBXContainerItemProxy section */

/* Begin PBXFileReference section */
		05005C7222D07DD5004E5351 /* NearBy.app */ = {isa = PBXFileReference; explicitFileType = wrapper.application; includeInIndex = 0; path = NearBy.app; sourceTree = BUILT_PRODUCTS_DIR; };
		05005C7522D07DD5004E5351 /* AppDelegate.swift */ = {isa = PBXFileReference; lastKnownFileType = sourcecode.swift; path = AppDelegate.swift; sourceTree = "<group>"; };
		05005C7722D07DD5004E5351 /* MapViewController.swift */ = {isa = PBXFileReference; lastKnownFileType = sourcecode.swift; path = MapViewController.swift; sourceTree = "<group>"; };
		05005C7A22D07DD5004E5351 /* Base */ = {isa = PBXFileReference; lastKnownFileType = file.storyboard; name = Base; path = Base.lproj/Main.storyboard; sourceTree = "<group>"; };
		05005C7D22D07DD5004E5351 /* NearBy.xcdatamodel */ = {isa = PBXFileReference; lastKnownFileType = wrapper.xcdatamodel; path = NearBy.xcdatamodel; sourceTree = "<group>"; };
		05005C7F22D07DD6004E5351 /* Assets.xcassets */ = {isa = PBXFileReference; lastKnownFileType = folder.assetcatalog; path = Assets.xcassets; sourceTree = "<group>"; };
		05005C8222D07DD6004E5351 /* Base */ = {isa = PBXFileReference; lastKnownFileType = file.storyboard; name = Base; path = Base.lproj/LaunchScreen.storyboard; sourceTree = "<group>"; };
		05005C8422D07DD6004E5351 /* Info.plist */ = {isa = PBXFileReference; lastKnownFileType = text.plist.xml; path = Info.plist; sourceTree = "<group>"; };
		05005C8922D07DD6004E5351 /* NearByTests.xctest */ = {isa = PBXFileReference; explicitFileType = wrapper.cfbundle; includeInIndex = 0; path = NearByTests.xctest; sourceTree = BUILT_PRODUCTS_DIR; };
		05005C8D22D07DD6004E5351 /* NearByTests.swift */ = {isa = PBXFileReference; lastKnownFileType = sourcecode.swift; path = NearByTests.swift; sourceTree = "<group>"; };
		05005C8F22D07DD6004E5351 /* Info.plist */ = {isa = PBXFileReference; lastKnownFileType = text.plist.xml; path = Info.plist; sourceTree = "<group>"; };
		05005C9422D07DD6004E5351 /* NearByUITests.xctest */ = {isa = PBXFileReference; explicitFileType = wrapper.cfbundle; includeInIndex = 0; path = NearByUITests.xctest; sourceTree = BUILT_PRODUCTS_DIR; };
		05005C9822D07DD6004E5351 /* NearByUITests.swift */ = {isa = PBXFileReference; lastKnownFileType = sourcecode.swift; path = NearByUITests.swift; sourceTree = "<group>"; };
		05005C9A22D07DD6004E5351 /* Info.plist */ = {isa = PBXFileReference; lastKnownFileType = text.plist.xml; path = Info.plist; sourceTree = "<group>"; };
		05005CAE22D08339004E5351 /* PermissionGrantViewController.swift */ = {isa = PBXFileReference; lastKnownFileType = sourcecode.swift; path = PermissionGrantViewController.swift; sourceTree = "<group>"; };
		05005CB122D083E9004E5351 /* UIButton+Styling.swift */ = {isa = PBXFileReference; lastKnownFileType = sourcecode.swift; path = "UIButton+Styling.swift"; sourceTree = "<group>"; };
		05005CB322D0862B004E5351 /* Permission.swift */ = {isa = PBXFileReference; lastKnownFileType = sourcecode.swift; path = Permission.swift; sourceTree = "<group>"; };
		05005CB722D09445004E5351 /* PermissionGrantViewModel.swift */ = {isa = PBXFileReference; lastKnownFileType = sourcecode.swift; path = PermissionGrantViewModel.swift; sourceTree = "<group>"; };
		05005CB922D095FC004E5351 /* Global.swift */ = {isa = PBXFileReference; lastKnownFileType = sourcecode.swift; path = Global.swift; sourceTree = "<group>"; };
		05005CBB22D098D0004E5351 /* UIColor+CustomColors.swift */ = {isa = PBXFileReference; lastKnownFileType = sourcecode.swift; path = "UIColor+CustomColors.swift"; sourceTree = "<group>"; };
		05005CC222D09EA7004E5351 /* Utility.swift */ = {isa = PBXFileReference; lastKnownFileType = sourcecode.swift; path = Utility.swift; sourceTree = "<group>"; };
		05005CC522D0A942004E5351 /* ViewModel.swift */ = {isa = PBXFileReference; lastKnownFileType = sourcecode.swift; path = ViewModel.swift; sourceTree = "<group>"; };
		05005CCA22D0B108004E5351 /* LocationManager.swift */ = {isa = PBXFileReference; lastKnownFileType = sourcecode.swift; path = LocationManager.swift; sourceTree = "<group>"; };
		05005CCC22D0C088004E5351 /* PermissionGrantRouter.swift */ = {isa = PBXFileReference; lastKnownFileType = sourcecode.swift; path = PermissionGrantRouter.swift; sourceTree = "<group>"; };
		05005CCF22D0C0FE004E5351 /* PermissionManager.swift */ = {isa = PBXFileReference; lastKnownFileType = sourcecode.swift; path = PermissionManager.swift; sourceTree = "<group>"; };
		05005CD122D0DB56004E5351 /* PermissionState.swift */ = {isa = PBXFileReference; lastKnownFileType = sourcecode.swift; path = PermissionState.swift; sourceTree = "<group>"; };
		05005CD422D0E5A3004E5351 /* InfoView.swift */ = {isa = PBXFileReference; lastKnownFileType = sourcecode.swift; path = InfoView.swift; sourceTree = "<group>"; };
		05005CD622D0F414004E5351 /* ViewController.swift */ = {isa = PBXFileReference; lastKnownFileType = sourcecode.swift; path = ViewController.swift; sourceTree = "<group>"; };
		05005CD822D0F44E004E5351 /* LocationAwareViewController.swift */ = {isa = PBXFileReference; lastKnownFileType = sourcecode.swift; path = LocationAwareViewController.swift; sourceTree = "<group>"; };
		05005CDC22D0F5E2004E5351 /* Dictionary+LocationConvertion.swift */ = {isa = PBXFileReference; lastKnownFileType = sourcecode.swift; path = "Dictionary+LocationConvertion.swift"; sourceTree = "<group>"; };
		0518961622D244F900530200 /* NetworkManager.swift */ = {isa = PBXFileReference; lastKnownFileType = sourcecode.swift; path = NetworkManager.swift; sourceTree = "<group>"; };
		0518961922D2454B00530200 /* Request.swift */ = {isa = PBXFileReference; lastKnownFileType = sourcecode.swift; path = Request.swift; sourceTree = "<group>"; };
		0518961B22D2455900530200 /* Response.swift */ = {isa = PBXFileReference; lastKnownFileType = sourcecode.swift; path = Response.swift; sourceTree = "<group>"; };
		0518961F22D24A6700530200 /* NetworkResult.swift */ = {isa = PBXFileReference; lastKnownFileType = sourcecode.swift; path = NetworkResult.swift; sourceTree = "<group>"; };
		0518962122D24AC300530200 /* NetworkError.swift */ = {isa = PBXFileReference; lastKnownFileType = sourcecode.swift; path = NetworkError.swift; sourceTree = "<group>"; };
		0518962522D2500D00530200 /* ExploreRequest.swift */ = {isa = PBXFileReference; lastKnownFileType = sourcecode.swift; path = ExploreRequest.swift; sourceTree = "<group>"; };
		0518962722D256AF00530200 /* ExploreResponse.swift */ = {isa = PBXFileReference; lastKnownFileType = sourcecode.swift; path = ExploreResponse.swift; sourceTree = "<group>"; };
		0518962C22D25F5600530200 /* HereAPI.swift */ = {isa = PBXFileReference; lastKnownFileType = sourcecode.swift; path = HereAPI.swift; sourceTree = "<group>"; };
		0518962E22D261F500530200 /* Dictionary+NetworkParameters.swift */ = {isa = PBXFileReference; lastKnownFileType = sourcecode.swift; path = "Dictionary+NetworkParameters.swift"; sourceTree = "<group>"; };
/* End PBXFileReference section */

/* Begin PBXFrameworksBuildPhase section */
		05005C6F22D07DD5004E5351 /* Frameworks */ = {
			isa = PBXFrameworksBuildPhase;
			buildActionMask = 2147483647;
			files = (
			);
			runOnlyForDeploymentPostprocessing = 0;
		};
		05005C8622D07DD6004E5351 /* Frameworks */ = {
			isa = PBXFrameworksBuildPhase;
			buildActionMask = 2147483647;
			files = (
			);
			runOnlyForDeploymentPostprocessing = 0;
		};
		05005C9122D07DD6004E5351 /* Frameworks */ = {
			isa = PBXFrameworksBuildPhase;
			buildActionMask = 2147483647;
			files = (
			);
			runOnlyForDeploymentPostprocessing = 0;
		};
/* End PBXFrameworksBuildPhase section */

/* Begin PBXGroup section */
		05005C6922D07DD5004E5351 = {
			isa = PBXGroup;
			children = (
				05005C7422D07DD5004E5351 /* NearBy */,
				05005C8C22D07DD6004E5351 /* NearByTests */,
				05005C9722D07DD6004E5351 /* NearByUITests */,
				05005C7322D07DD5004E5351 /* Products */,
			);
			sourceTree = "<group>";
		};
		05005C7322D07DD5004E5351 /* Products */ = {
			isa = PBXGroup;
			children = (
				05005C7222D07DD5004E5351 /* NearBy.app */,
				05005C8922D07DD6004E5351 /* NearByTests.xctest */,
				05005C9422D07DD6004E5351 /* NearByUITests.xctest */,
			);
			name = Products;
			sourceTree = "<group>";
		};
		05005C7422D07DD5004E5351 /* NearBy */ = {
			isa = PBXGroup;
			children = (
				05005C7522D07DD5004E5351 /* AppDelegate.swift */,
				05005CB922D095FC004E5351 /* Global.swift */,
				05005CC422D0A939004E5351 /* Base */,
				05005CB022D083C1004E5351 /* Extensions */,
				05005CA722D07F5A004E5351 /* Launch */,
				05005CC922D0B0FC004E5351 /* Managers */,
				05005CA922D07F6A004E5351 /* Models */,
				0518961822D2453B00530200 /* Network */,
				05005CA822D07F61004E5351 /* Resources */,
				05005CD322D0E598004E5351 /* Reusables */,
				05005CAB22D07F86004E5351 /* Scenes */,
				05005CAA22D07F79004E5351 /* Supporting Files */,
				05005CC122D09E96004E5351 /* Utility */,
			);
			path = NearBy;
			sourceTree = "<group>";
		};
		05005C8C22D07DD6004E5351 /* NearByTests */ = {
			isa = PBXGroup;
			children = (
				05005C8D22D07DD6004E5351 /* NearByTests.swift */,
				05005C8F22D07DD6004E5351 /* Info.plist */,
			);
			path = NearByTests;
			sourceTree = "<group>";
		};
		05005C9722D07DD6004E5351 /* NearByUITests */ = {
			isa = PBXGroup;
			children = (
				05005C9822D07DD6004E5351 /* NearByUITests.swift */,
				05005C9A22D07DD6004E5351 /* Info.plist */,
			);
			path = NearByUITests;
			sourceTree = "<group>";
		};
		05005CA722D07F5A004E5351 /* Launch */ = {
			isa = PBXGroup;
			children = (
				05005C8122D07DD6004E5351 /* LaunchScreen.storyboard */,
			);
			path = Launch;
			sourceTree = "<group>";
		};
		05005CA822D07F61004E5351 /* Resources */ = {
			isa = PBXGroup;
			children = (
				05005C7F22D07DD6004E5351 /* Assets.xcassets */,
			);
			path = Resources;
			sourceTree = "<group>";
		};
		05005CA922D07F6A004E5351 /* Models */ = {
			isa = PBXGroup;
			children = (
				05005C7C22D07DD5004E5351 /* NearBy.xcdatamodeld */,
			);
			path = Models;
			sourceTree = "<group>";
		};
		05005CAA22D07F79004E5351 /* Supporting Files */ = {
			isa = PBXGroup;
			children = (
				05005C8422D07DD6004E5351 /* Info.plist */,
			);
			path = "Supporting Files";
			sourceTree = "<group>";
		};
		05005CAB22D07F86004E5351 /* Scenes */ = {
			isa = PBXGroup;
			children = (
				05005CAD22D08320004E5351 /* Permission */,
				05005CAC22D07FFC004E5351 /* Map */,
				05005C7922D07DD5004E5351 /* Main.storyboard */,
			);
			path = Scenes;
			sourceTree = "<group>";
		};
		05005CAC22D07FFC004E5351 /* Map */ = {
			isa = PBXGroup;
			children = (
				05005C7722D07DD5004E5351 /* MapViewController.swift */,
			);
			path = Map;
			sourceTree = "<group>";
		};
		05005CAD22D08320004E5351 /* Permission */ = {
			isa = PBXGroup;
			children = (
				05005CCE22D0C0D5004E5351 /* Grant */,
				05005CB322D0862B004E5351 /* Permission.swift */,
				05005CD122D0DB56004E5351 /* PermissionState.swift */,
			);
			path = Permission;
			sourceTree = "<group>";
		};
		05005CB022D083C1004E5351 /* Extensions */ = {
			isa = PBXGroup;
			children = (
				05005CB122D083E9004E5351 /* UIButton+Styling.swift */,
				05005CBB22D098D0004E5351 /* UIColor+CustomColors.swift */,
				05005CDC22D0F5E2004E5351 /* Dictionary+LocationConvertion.swift */,
				0518962E22D261F500530200 /* Dictionary+NetworkParameters.swift */,
			);
			path = Extensions;
			sourceTree = "<group>";
		};
		05005CC122D09E96004E5351 /* Utility */ = {
			isa = PBXGroup;
			children = (
				05005CC222D09EA7004E5351 /* Utility.swift */,
			);
			path = Utility;
			sourceTree = "<group>";
		};
		05005CC422D0A939004E5351 /* Base */ = {
			isa = PBXGroup;
			children = (
				05005CC522D0A942004E5351 /* ViewModel.swift */,
				05005CD622D0F414004E5351 /* ViewController.swift */,
			);
			path = Base;
			sourceTree = "<group>";
		};
		05005CC922D0B0FC004E5351 /* Managers */ = {
			isa = PBXGroup;
			children = (
				05005CCA22D0B108004E5351 /* LocationManager.swift */,
				05005CCF22D0C0FE004E5351 /* PermissionManager.swift */,
			);
			path = Managers;
			sourceTree = "<group>";
		};
		05005CCE22D0C0D5004E5351 /* Grant */ = {
			isa = PBXGroup;
			children = (
				05005CCC22D0C088004E5351 /* PermissionGrantRouter.swift */,
				05005CAE22D08339004E5351 /* PermissionGrantViewController.swift */,
				05005CB722D09445004E5351 /* PermissionGrantViewModel.swift */,
			);
			path = Grant;
			sourceTree = "<group>";
		};
		05005CD322D0E598004E5351 /* Reusables */ = {
			isa = PBXGroup;
			children = (
				05005CD422D0E5A3004E5351 /* InfoView.swift */,
				05005CD822D0F44E004E5351 /* LocationAwareViewController.swift */,
			);
			path = Reusables;
			sourceTree = "<group>";
		};
		0518961822D2453B00530200 /* Network */ = {
			isa = PBXGroup;
			children = (
				0518962122D24AC300530200 /* NetworkError.swift */,
				0518961622D244F900530200 /* NetworkManager.swift */,
				0518961F22D24A6700530200 /* NetworkResult.swift */,
				0518962C22D25F5600530200 /* HereAPI.swift */,
				0518961D22D2456F00530200 /* Requests */,
				0518961E22D2457600530200 /* Responses */,
			);
			path = Network;
			sourceTree = "<group>";
		};
		0518961D22D2456F00530200 /* Requests */ = {
			isa = PBXGroup;
			children = (
				0518961922D2454B00530200 /* Request.swift */,
				0518962522D2500D00530200 /* ExploreRequest.swift */,
			);
			path = Requests;
			sourceTree = "<group>";
		};
		0518961E22D2457600530200 /* Responses */ = {
			isa = PBXGroup;
			children = (
				0518961B22D2455900530200 /* Response.swift */,
				0518962722D256AF00530200 /* ExploreResponse.swift */,
			);
			path = Responses;
			sourceTree = "<group>";
		};
/* End PBXGroup section */

/* Begin PBXNativeTarget section */
		05005C7122D07DD5004E5351 /* NearBy */ = {
			isa = PBXNativeTarget;
			buildConfigurationList = 05005C9D22D07DD6004E5351 /* Build configuration list for PBXNativeTarget "NearBy" */;
			buildPhases = (
				05005C6E22D07DD5004E5351 /* Sources */,
				05005C6F22D07DD5004E5351 /* Frameworks */,
				05005C7022D07DD5004E5351 /* Resources */,
			);
			buildRules = (
			);
			dependencies = (
			);
			name = NearBy;
			productName = NearBy;
			productReference = 05005C7222D07DD5004E5351 /* NearBy.app */;
			productType = "com.apple.product-type.application";
		};
		05005C8822D07DD6004E5351 /* NearByTests */ = {
			isa = PBXNativeTarget;
			buildConfigurationList = 05005CA022D07DD6004E5351 /* Build configuration list for PBXNativeTarget "NearByTests" */;
			buildPhases = (
				05005C8522D07DD6004E5351 /* Sources */,
				05005C8622D07DD6004E5351 /* Frameworks */,
				05005C8722D07DD6004E5351 /* Resources */,
			);
			buildRules = (
			);
			dependencies = (
				05005C8B22D07DD6004E5351 /* PBXTargetDependency */,
			);
			name = NearByTests;
			productName = NearByTests;
			productReference = 05005C8922D07DD6004E5351 /* NearByTests.xctest */;
			productType = "com.apple.product-type.bundle.unit-test";
		};
		05005C9322D07DD6004E5351 /* NearByUITests */ = {
			isa = PBXNativeTarget;
			buildConfigurationList = 05005CA322D07DD6004E5351 /* Build configuration list for PBXNativeTarget "NearByUITests" */;
			buildPhases = (
				05005C9022D07DD6004E5351 /* Sources */,
				05005C9122D07DD6004E5351 /* Frameworks */,
				05005C9222D07DD6004E5351 /* Resources */,
			);
			buildRules = (
			);
			dependencies = (
				05005C9622D07DD6004E5351 /* PBXTargetDependency */,
			);
			name = NearByUITests;
			productName = NearByUITests;
			productReference = 05005C9422D07DD6004E5351 /* NearByUITests.xctest */;
			productType = "com.apple.product-type.bundle.ui-testing";
		};
/* End PBXNativeTarget section */

/* Begin PBXProject section */
		05005C6A22D07DD5004E5351 /* Project object */ = {
			isa = PBXProject;
			attributes = {
				LastSwiftUpdateCheck = 1010;
				LastUpgradeCheck = 1010;
				ORGANIZATIONNAME = "Ahmet Gülden";
				TargetAttributes = {
					05005C7122D07DD5004E5351 = {
						CreatedOnToolsVersion = 10.1;
					};
					05005C8822D07DD6004E5351 = {
						CreatedOnToolsVersion = 10.1;
						TestTargetID = 05005C7122D07DD5004E5351;
					};
					05005C9322D07DD6004E5351 = {
						CreatedOnToolsVersion = 10.1;
						TestTargetID = 05005C7122D07DD5004E5351;
					};
				};
			};
			buildConfigurationList = 05005C6D22D07DD5004E5351 /* Build configuration list for PBXProject "NearBy" */;
			compatibilityVersion = "Xcode 9.3";
			developmentRegion = en;
			hasScannedForEncodings = 0;
			knownRegions = (
				en,
				Base,
			);
			mainGroup = 05005C6922D07DD5004E5351;
			productRefGroup = 05005C7322D07DD5004E5351 /* Products */;
			projectDirPath = "";
			projectRoot = "";
			targets = (
				05005C7122D07DD5004E5351 /* NearBy */,
				05005C8822D07DD6004E5351 /* NearByTests */,
				05005C9322D07DD6004E5351 /* NearByUITests */,
			);
		};
/* End PBXProject section */

/* Begin PBXResourcesBuildPhase section */
		05005C7022D07DD5004E5351 /* Resources */ = {
			isa = PBXResourcesBuildPhase;
			buildActionMask = 2147483647;
			files = (
				05005C8322D07DD6004E5351 /* LaunchScreen.storyboard in Resources */,
				05005C8022D07DD6004E5351 /* Assets.xcassets in Resources */,
				05005C7B22D07DD5004E5351 /* Main.storyboard in Resources */,
			);
			runOnlyForDeploymentPostprocessing = 0;
		};
		05005C8722D07DD6004E5351 /* Resources */ = {
			isa = PBXResourcesBuildPhase;
			buildActionMask = 2147483647;
			files = (
			);
			runOnlyForDeploymentPostprocessing = 0;
		};
		05005C9222D07DD6004E5351 /* Resources */ = {
			isa = PBXResourcesBuildPhase;
			buildActionMask = 2147483647;
			files = (
			);
			runOnlyForDeploymentPostprocessing = 0;
		};
/* End PBXResourcesBuildPhase section */

/* Begin PBXSourcesBuildPhase section */
		05005C6E22D07DD5004E5351 /* Sources */ = {
			isa = PBXSourcesBuildPhase;
			buildActionMask = 2147483647;
			files = (
				05005CD922D0F44E004E5351 /* LocationAwareViewController.swift in Sources */,
				05005CD022D0C0FE004E5351 /* PermissionManager.swift in Sources */,
				05005C7822D07DD5004E5351 /* MapViewController.swift in Sources */,
				0518962622D2500D00530200 /* ExploreRequest.swift in Sources */,
				05005CB222D083E9004E5351 /* UIButton+Styling.swift in Sources */,
				0518961A22D2454B00530200 /* Request.swift in Sources */,
				05005CCB22D0B108004E5351 /* LocationManager.swift in Sources */,
				05005CB822D09445004E5351 /* PermissionGrantViewModel.swift in Sources */,
				05005CB422D0862B004E5351 /* Permission.swift in Sources */,
				05005CD522D0E5A3004E5351 /* InfoView.swift in Sources */,
				0518962D22D25F5600530200 /* HereAPI.swift in Sources */,
				0518962222D24AC300530200 /* NetworkError.swift in Sources */,
				05005CD222D0DB56004E5351 /* PermissionState.swift in Sources */,
				05005C7622D07DD5004E5351 /* AppDelegate.swift in Sources */,
				05005CAF22D08339004E5351 /* PermissionGrantViewController.swift in Sources */,
				05005CDD22D0F5E2004E5351 /* Dictionary+LocationConvertion.swift in Sources */,
				0518962022D24A6700530200 /* NetworkResult.swift in Sources */,
				0518962822D256AF00530200 /* ExploreResponse.swift in Sources */,
				0518961722D244F900530200 /* NetworkManager.swift in Sources */,
				05005CC622D0A942004E5351 /* ViewModel.swift in Sources */,
				05005C7E22D07DD5004E5351 /* NearBy.xcdatamodeld in Sources */,
				05005CD722D0F414004E5351 /* ViewController.swift in Sources */,
				05005CC322D09EA7004E5351 /* Utility.swift in Sources */,
				0518961C22D2455900530200 /* Response.swift in Sources */,
				0518962F22D261F500530200 /* Dictionary+NetworkParameters.swift in Sources */,
				05005CCD22D0C088004E5351 /* PermissionGrantRouter.swift in Sources */,
				05005CBA22D095FC004E5351 /* Global.swift in Sources */,
				05005CBC22D098D0004E5351 /* UIColor+CustomColors.swift in Sources */,
			);
			runOnlyForDeploymentPostprocessing = 0;
		};
		05005C8522D07DD6004E5351 /* Sources */ = {
			isa = PBXSourcesBuildPhase;
			buildActionMask = 2147483647;
			files = (
				05005C8E22D07DD6004E5351 /* NearByTests.swift in Sources */,
			);
			runOnlyForDeploymentPostprocessing = 0;
		};
		05005C9022D07DD6004E5351 /* Sources */ = {
			isa = PBXSourcesBuildPhase;
			buildActionMask = 2147483647;
			files = (
				05005C9922D07DD6004E5351 /* NearByUITests.swift in Sources */,
			);
			runOnlyForDeploymentPostprocessing = 0;
		};
/* End PBXSourcesBuildPhase section */

/* Begin PBXTargetDependency section */
		05005C8B22D07DD6004E5351 /* PBXTargetDependency */ = {
			isa = PBXTargetDependency;
			target = 05005C7122D07DD5004E5351 /* NearBy */;
			targetProxy = 05005C8A22D07DD6004E5351 /* PBXContainerItemProxy */;
		};
		05005C9622D07DD6004E5351 /* PBXTargetDependency */ = {
			isa = PBXTargetDependency;
			target = 05005C7122D07DD5004E5351 /* NearBy */;
			targetProxy = 05005C9522D07DD6004E5351 /* PBXContainerItemProxy */;
		};
/* End PBXTargetDependency section */

/* Begin PBXVariantGroup section */
		05005C7922D07DD5004E5351 /* Main.storyboard */ = {
			isa = PBXVariantGroup;
			children = (
				05005C7A22D07DD5004E5351 /* Base */,
			);
			name = Main.storyboard;
			sourceTree = "<group>";
		};
		05005C8122D07DD6004E5351 /* LaunchScreen.storyboard */ = {
			isa = PBXVariantGroup;
			children = (
				05005C8222D07DD6004E5351 /* Base */,
			);
			name = LaunchScreen.storyboard;
			sourceTree = "<group>";
		};
/* End PBXVariantGroup section */

/* Begin XCBuildConfiguration section */
		05005C9B22D07DD6004E5351 /* Debug */ = {
			isa = XCBuildConfiguration;
			buildSettings = {
				ALWAYS_SEARCH_USER_PATHS = NO;
				CLANG_ANALYZER_NONNULL = YES;
				CLANG_ANALYZER_NUMBER_OBJECT_CONVERSION = YES_AGGRESSIVE;
				CLANG_CXX_LANGUAGE_STANDARD = "gnu++14";
				CLANG_CXX_LIBRARY = "libc++";
				CLANG_ENABLE_MODULES = YES;
				CLANG_ENABLE_OBJC_ARC = YES;
				CLANG_ENABLE_OBJC_WEAK = YES;
				CLANG_WARN_BLOCK_CAPTURE_AUTORELEASING = YES;
				CLANG_WARN_BOOL_CONVERSION = YES;
				CLANG_WARN_COMMA = YES;
				CLANG_WARN_CONSTANT_CONVERSION = YES;
				CLANG_WARN_DEPRECATED_OBJC_IMPLEMENTATIONS = YES;
				CLANG_WARN_DIRECT_OBJC_ISA_USAGE = YES_ERROR;
				CLANG_WARN_DOCUMENTATION_COMMENTS = YES;
				CLANG_WARN_EMPTY_BODY = YES;
				CLANG_WARN_ENUM_CONVERSION = YES;
				CLANG_WARN_INFINITE_RECURSION = YES;
				CLANG_WARN_INT_CONVERSION = YES;
				CLANG_WARN_NON_LITERAL_NULL_CONVERSION = YES;
				CLANG_WARN_OBJC_IMPLICIT_RETAIN_SELF = YES;
				CLANG_WARN_OBJC_LITERAL_CONVERSION = YES;
				CLANG_WARN_OBJC_ROOT_CLASS = YES_ERROR;
				CLANG_WARN_RANGE_LOOP_ANALYSIS = YES;
				CLANG_WARN_STRICT_PROTOTYPES = YES;
				CLANG_WARN_SUSPICIOUS_MOVE = YES;
				CLANG_WARN_UNGUARDED_AVAILABILITY = YES_AGGRESSIVE;
				CLANG_WARN_UNREACHABLE_CODE = YES;
				CLANG_WARN__DUPLICATE_METHOD_MATCH = YES;
				CODE_SIGN_IDENTITY = "iPhone Developer";
				COPY_PHASE_STRIP = NO;
				DEBUG_INFORMATION_FORMAT = dwarf;
				ENABLE_STRICT_OBJC_MSGSEND = YES;
				ENABLE_TESTABILITY = YES;
				GCC_C_LANGUAGE_STANDARD = gnu11;
				GCC_DYNAMIC_NO_PIC = NO;
				GCC_NO_COMMON_BLOCKS = YES;
				GCC_OPTIMIZATION_LEVEL = 0;
				GCC_PREPROCESSOR_DEFINITIONS = (
					"DEBUG=1",
					"$(inherited)",
				);
				GCC_WARN_64_TO_32_BIT_CONVERSION = YES;
				GCC_WARN_ABOUT_RETURN_TYPE = YES_ERROR;
				GCC_WARN_UNDECLARED_SELECTOR = YES;
				GCC_WARN_UNINITIALIZED_AUTOS = YES_AGGRESSIVE;
				GCC_WARN_UNUSED_FUNCTION = YES;
				GCC_WARN_UNUSED_VARIABLE = YES;
				IPHONEOS_DEPLOYMENT_TARGET = 11.0;
				MTL_ENABLE_DEBUG_INFO = INCLUDE_SOURCE;
				MTL_FAST_MATH = YES;
				ONLY_ACTIVE_ARCH = YES;
				SDKROOT = iphoneos;
				SWIFT_ACTIVE_COMPILATION_CONDITIONS = DEBUG;
				SWIFT_OPTIMIZATION_LEVEL = "-Onone";
			};
			name = Debug;
		};
		05005C9C22D07DD6004E5351 /* Release */ = {
			isa = XCBuildConfiguration;
			buildSettings = {
				ALWAYS_SEARCH_USER_PATHS = NO;
				CLANG_ANALYZER_NONNULL = YES;
				CLANG_ANALYZER_NUMBER_OBJECT_CONVERSION = YES_AGGRESSIVE;
				CLANG_CXX_LANGUAGE_STANDARD = "gnu++14";
				CLANG_CXX_LIBRARY = "libc++";
				CLANG_ENABLE_MODULES = YES;
				CLANG_ENABLE_OBJC_ARC = YES;
				CLANG_ENABLE_OBJC_WEAK = YES;
				CLANG_WARN_BLOCK_CAPTURE_AUTORELEASING = YES;
				CLANG_WARN_BOOL_CONVERSION = YES;
				CLANG_WARN_COMMA = YES;
				CLANG_WARN_CONSTANT_CONVERSION = YES;
				CLANG_WARN_DEPRECATED_OBJC_IMPLEMENTATIONS = YES;
				CLANG_WARN_DIRECT_OBJC_ISA_USAGE = YES_ERROR;
				CLANG_WARN_DOCUMENTATION_COMMENTS = YES;
				CLANG_WARN_EMPTY_BODY = YES;
				CLANG_WARN_ENUM_CONVERSION = YES;
				CLANG_WARN_INFINITE_RECURSION = YES;
				CLANG_WARN_INT_CONVERSION = YES;
				CLANG_WARN_NON_LITERAL_NULL_CONVERSION = YES;
				CLANG_WARN_OBJC_IMPLICIT_RETAIN_SELF = YES;
				CLANG_WARN_OBJC_LITERAL_CONVERSION = YES;
				CLANG_WARN_OBJC_ROOT_CLASS = YES_ERROR;
				CLANG_WARN_RANGE_LOOP_ANALYSIS = YES;
				CLANG_WARN_STRICT_PROTOTYPES = YES;
				CLANG_WARN_SUSPICIOUS_MOVE = YES;
				CLANG_WARN_UNGUARDED_AVAILABILITY = YES_AGGRESSIVE;
				CLANG_WARN_UNREACHABLE_CODE = YES;
				CLANG_WARN__DUPLICATE_METHOD_MATCH = YES;
				CODE_SIGN_IDENTITY = "iPhone Developer";
				COPY_PHASE_STRIP = NO;
				DEBUG_INFORMATION_FORMAT = "dwarf-with-dsym";
				ENABLE_NS_ASSERTIONS = NO;
				ENABLE_STRICT_OBJC_MSGSEND = YES;
				GCC_C_LANGUAGE_STANDARD = gnu11;
				GCC_NO_COMMON_BLOCKS = YES;
				GCC_WARN_64_TO_32_BIT_CONVERSION = YES;
				GCC_WARN_ABOUT_RETURN_TYPE = YES_ERROR;
				GCC_WARN_UNDECLARED_SELECTOR = YES;
				GCC_WARN_UNINITIALIZED_AUTOS = YES_AGGRESSIVE;
				GCC_WARN_UNUSED_FUNCTION = YES;
				GCC_WARN_UNUSED_VARIABLE = YES;
				IPHONEOS_DEPLOYMENT_TARGET = 11.0;
				MTL_ENABLE_DEBUG_INFO = NO;
				MTL_FAST_MATH = YES;
				SDKROOT = iphoneos;
				SWIFT_COMPILATION_MODE = wholemodule;
				SWIFT_OPTIMIZATION_LEVEL = "-O";
				VALIDATE_PRODUCT = YES;
			};
			name = Release;
		};
		05005C9E22D07DD6004E5351 /* Debug */ = {
			isa = XCBuildConfiguration;
			buildSettings = {
				ASSETCATALOG_COMPILER_APPICON_NAME = AppIcon;
				CODE_SIGN_STYLE = Automatic;
				INFOPLIST_FILE = "$(SRCROOT)/NearBy/Supporting Files/Info.plist";
				LD_RUNPATH_SEARCH_PATHS = (
					"$(inherited)",
					"@executable_path/Frameworks",
				);
				PRODUCT_BUNDLE_IDENTIFIER = com.gulden.nearbyapp.NearBy;
				PRODUCT_NAME = "$(TARGET_NAME)";
				SWIFT_VERSION = 4.2;
				TARGETED_DEVICE_FAMILY = "1,2";
			};
			name = Debug;
		};
		05005C9F22D07DD6004E5351 /* Release */ = {
			isa = XCBuildConfiguration;
			buildSettings = {
				ASSETCATALOG_COMPILER_APPICON_NAME = AppIcon;
				CODE_SIGN_STYLE = Automatic;
				INFOPLIST_FILE = "$(SRCROOT)/NearBy/Supporting Files/Info.plist";
				LD_RUNPATH_SEARCH_PATHS = (
					"$(inherited)",
					"@executable_path/Frameworks",
				);
				PRODUCT_BUNDLE_IDENTIFIER = com.gulden.nearbyapp.NearBy;
				PRODUCT_NAME = "$(TARGET_NAME)";
				SWIFT_VERSION = 4.2;
				TARGETED_DEVICE_FAMILY = "1,2";
			};
			name = Release;
		};
		05005CA122D07DD6004E5351 /* Debug */ = {
			isa = XCBuildConfiguration;
			buildSettings = {
				ALWAYS_EMBED_SWIFT_STANDARD_LIBRARIES = YES;
				BUNDLE_LOADER = "$(TEST_HOST)";
				CODE_SIGN_STYLE = Automatic;
				INFOPLIST_FILE = NearByTests/Info.plist;
				LD_RUNPATH_SEARCH_PATHS = (
					"$(inherited)",
					"@executable_path/Frameworks",
					"@loader_path/Frameworks",
				);
				PRODUCT_BUNDLE_IDENTIFIER = com.gulden.nearbyapp.NearByTests;
				PRODUCT_NAME = "$(TARGET_NAME)";
				SWIFT_VERSION = 4.2;
				TARGETED_DEVICE_FAMILY = "1,2";
				TEST_HOST = "$(BUILT_PRODUCTS_DIR)/NearBy.app/NearBy";
			};
			name = Debug;
		};
		05005CA222D07DD6004E5351 /* Release */ = {
			isa = XCBuildConfiguration;
			buildSettings = {
				ALWAYS_EMBED_SWIFT_STANDARD_LIBRARIES = YES;
				BUNDLE_LOADER = "$(TEST_HOST)";
				CODE_SIGN_STYLE = Automatic;
				INFOPLIST_FILE = NearByTests/Info.plist;
				LD_RUNPATH_SEARCH_PATHS = (
					"$(inherited)",
					"@executable_path/Frameworks",
					"@loader_path/Frameworks",
				);
				PRODUCT_BUNDLE_IDENTIFIER = com.gulden.nearbyapp.NearByTests;
				PRODUCT_NAME = "$(TARGET_NAME)";
				SWIFT_VERSION = 4.2;
				TARGETED_DEVICE_FAMILY = "1,2";
				TEST_HOST = "$(BUILT_PRODUCTS_DIR)/NearBy.app/NearBy";
			};
			name = Release;
		};
		05005CA422D07DD6004E5351 /* Debug */ = {
			isa = XCBuildConfiguration;
			buildSettings = {
				ALWAYS_EMBED_SWIFT_STANDARD_LIBRARIES = YES;
				CODE_SIGN_STYLE = Automatic;
				INFOPLIST_FILE = NearByUITests/Info.plist;
				LD_RUNPATH_SEARCH_PATHS = (
					"$(inherited)",
					"@executable_path/Frameworks",
					"@loader_path/Frameworks",
				);
				PRODUCT_BUNDLE_IDENTIFIER = com.gulden.nearbyapp.NearByUITests;
				PRODUCT_NAME = "$(TARGET_NAME)";
				SWIFT_VERSION = 4.2;
				TARGETED_DEVICE_FAMILY = "1,2";
				TEST_TARGET_NAME = NearBy;
			};
			name = Debug;
		};
		05005CA522D07DD6004E5351 /* Release */ = {
			isa = XCBuildConfiguration;
			buildSettings = {
				ALWAYS_EMBED_SWIFT_STANDARD_LIBRARIES = YES;
				CODE_SIGN_STYLE = Automatic;
				INFOPLIST_FILE = NearByUITests/Info.plist;
				LD_RUNPATH_SEARCH_PATHS = (
					"$(inherited)",
					"@executable_path/Frameworks",
					"@loader_path/Frameworks",
				);
				PRODUCT_BUNDLE_IDENTIFIER = com.gulden.nearbyapp.NearByUITests;
				PRODUCT_NAME = "$(TARGET_NAME)";
				SWIFT_VERSION = 4.2;
				TARGETED_DEVICE_FAMILY = "1,2";
				TEST_TARGET_NAME = NearBy;
			};
			name = Release;
		};
/* End XCBuildConfiguration section */

/* Begin XCConfigurationList section */
		05005C6D22D07DD5004E5351 /* Build configuration list for PBXProject "NearBy" */ = {
			isa = XCConfigurationList;
			buildConfigurations = (
				05005C9B22D07DD6004E5351 /* Debug */,
				05005C9C22D07DD6004E5351 /* Release */,
			);
			defaultConfigurationIsVisible = 0;
			defaultConfigurationName = Release;
		};
		05005C9D22D07DD6004E5351 /* Build configuration list for PBXNativeTarget "NearBy" */ = {
			isa = XCConfigurationList;
			buildConfigurations = (
				05005C9E22D07DD6004E5351 /* Debug */,
				05005C9F22D07DD6004E5351 /* Release */,
			);
			defaultConfigurationIsVisible = 0;
			defaultConfigurationName = Release;
		};
		05005CA022D07DD6004E5351 /* Build configuration list for PBXNativeTarget "NearByTests" */ = {
			isa = XCConfigurationList;
			buildConfigurations = (
				05005CA122D07DD6004E5351 /* Debug */,
				05005CA222D07DD6004E5351 /* Release */,
			);
			defaultConfigurationIsVisible = 0;
			defaultConfigurationName = Release;
		};
		05005CA322D07DD6004E5351 /* Build configuration list for PBXNativeTarget "NearByUITests" */ = {
			isa = XCConfigurationList;
			buildConfigurations = (
				05005CA422D07DD6004E5351 /* Debug */,
				05005CA522D07DD6004E5351 /* Release */,
			);
			defaultConfigurationIsVisible = 0;
			defaultConfigurationName = Release;
		};
/* End XCConfigurationList section */

/* Begin XCVersionGroup section */
		05005C7C22D07DD5004E5351 /* NearBy.xcdatamodeld */ = {
			isa = XCVersionGroup;
			children = (
				05005C7D22D07DD5004E5351 /* NearBy.xcdatamodel */,
			);
			currentVersion = 05005C7D22D07DD5004E5351 /* NearBy.xcdatamodel */;
			path = NearBy.xcdatamodeld;
			sourceTree = "<group>";
			versionGroupType = wrapper.xcdatamodel;
		};
/* End XCVersionGroup section */
	};
	rootObject = 05005C6A22D07DD5004E5351 /* Project object */;
}
